
Microsoft Visual Studio Solution File, Format Version 12.00
# Visual Studio Version 16
VisualStudioVersion = 16.0.28803.156
MinimumVisualStudioVersion = 10.0.40219.1
Project("{FAE04EC0-301F-11D3-BF4B-00C04F79EFBC}") = "Words.Api", "Words.Api\Words.Api.csproj", "{9499199C-860C-49BD-BA6A-C1BFCC8614C8}"
EndProject
Global
	GlobalSection(SolutionConfigurationPlatforms) = preSolution
		Debug|Any CPU = Debug|Any CPU
		Release|Any CPU = Release|Any CPU
	EndGlobalSection
	GlobalSection(ProjectConfigurationPlatforms) = postSolution
		{9499199C-860C-49BD-BA6A-C1BFCC8614C8}.Debug|Any CPU.ActiveCfg = Debug|Any CPU
		{9499199C-860C-49BD-BA6A-C1BFCC8614C8}.Debug|Any CPU.Build.0 = Debug|Any CPU
		{9499199C-860C-49BD-BA6A-C1BFCC8614C8}.Release|Any CPU.ActiveCfg = Release|Any CPU
		{9499199C-860C-49BD-BA6A-C1BFCC8614C8}.Release|Any CPU.Build.0 = Release|Any CPU
	EndGlobalSection
	GlobalSection(SolutionProperties) = preSolution
		HideSolutionNode = FALSE
	EndGlobalSection
	GlobalSection(ExtensibilityGlobals) = postSolution
		SolutionGuid = {2EAF6E21-A965-47FB-A2D2-7718102AE195}
	EndGlobalSection
EndGlobal
